<?xml version="1.0" encoding="utf-8"?>
<Project ToolsVersion="4.0" xmlns="http://schemas.microsoft.com/developer/msbuild/2003">
  <ItemGroup>
    <Filter Include="Character">
      <UniqueIdentifier>{4f587c42-4326-4f08-8e33-17b965936894}</UniqueIdentifier>
    </Filter>
    <Filter Include="Graphics">
      <UniqueIdentifier>{4096b8f1-46b5-427d-ab63-f95afb02d2fd}</UniqueIdentifier>
    </Filter>
    <Filter Include="math">
      <UniqueIdentifier>{ee8b63d2-382c-425b-8437-ed1a9624f399}</UniqueIdentifier>
    </Filter>
    <Filter Include="Physics">
      <UniqueIdentifier>{b87719db-4179-4da5-a518-7ce80c75d4a5}</UniqueIdentifier>
    </Filter>
    <Filter Include="System">
      <UniqueIdentifier>{af578f8d-f519-40e8-99ea-cc0d99d04558}</UniqueIdentifier>
    </Filter>
    <Filter Include="Util">
      <UniqueIdentifier>{63e86d1a-db05-408e-8e4b-995d26a6eaed}</UniqueIdentifier>
    </Filter>
    <Filter Include="Graphics\Animation">
      <UniqueIdentifier>{1d2b129e-e571-477a-9cc5-ce081f9424c4}</UniqueIdentifier>
    </Filter>
    <Filter Include="level">
      <UniqueIdentifier>{daf7b604-b9cb-40b9-bd8e-dee5937474a9}</UniqueIdentifier>
    </Filter>
    <Filter Include="HID">
      <UniqueIdentifier>{dc840d91-3f42-427a-a46c-6c2118b6b1df}</UniqueIdentifier>
    </Filter>
    <Filter Include="GameObject">
      <UniqueIdentifier>{13ddab48-58c8-40ea-b7d7-03ca8abf01c1}</UniqueIdentifier>
    </Filter>
    <Filter Include="Timer">
      <UniqueIdentifier>{31dbd312-4633-4486-a26a-7cc8a07a9a3d}</UniqueIdentifier>
    </Filter>
    <Filter Include="Graphics\2D">
      <UniqueIdentifier>{9c5f5f3f-42dc-4ba0-90d4-3ea67a0673b4}</UniqueIdentifier>
    </Filter>
    <Filter Include="Graphics\3D">
      <UniqueIdentifier>{ff6db8a4-71ec-442f-b008-57e39075d4b6}</UniqueIdentifier>
    </Filter>
    <Filter Include="Graphics\GPUBuffer">
      <UniqueIdentifier>{471d8026-27fc-4149-ba79-e61bed6d9496}</UniqueIdentifier>
    </Filter>
    <Filter Include="Graphics\Light">
      <UniqueIdentifier>{ef029e33-be32-4e9b-b610-1c2ccd5e4d4c}</UniqueIdentifier>
    </Filter>
    <Filter Include="Graphics\GPUView">
      <UniqueIdentifier>{7a7b842a-df32-4ccc-886e-63c0a13c5826}</UniqueIdentifier>
    </Filter>
    <Filter Include="Graphics\Wrap">
      <UniqueIdentifier>{ccbcc088-cbe9-4867-9c48-70f4ee6e407f}</UniqueIdentifier>
    </Filter>
    <Filter Include="Prefab">
      <UniqueIdentifier>{da311915-e7a9-4ea6-bff4-f7636e251022}</UniqueIdentifier>
    </Filter>
    <Filter Include="Graphics\RenderState">
      <UniqueIdentifier>{b204934b-7670-40e4-8467-c30e84cd800c}</UniqueIdentifier>
    </Filter>
    <Filter Include="Graphics\PostEffect">
      <UniqueIdentifier>{c61123f4-f6ff-4fd5-ad1a-4b794375bb5c}</UniqueIdentifier>
    </Filter>
  </ItemGroup>
  <ItemGroup>
    <ClCompile Include="character\CharacterController.cpp">
      <Filter>Character</Filter>
    </ClCompile>
    <ClCompile Include="graphics\Camera.cpp">
      <Filter>Graphics</Filter>
    </ClCompile>
    <ClCompile Include="graphics\GraphicsEngine.cpp">
      <Filter>Graphics</Filter>
    </ClCompile>
    <ClCompile Include="graphics\Shader.cpp">
      <Filter>Graphics</Filter>
    </ClCompile>
    <ClCompile Include="graphics\ShaderResources.cpp">
      <Filter>Graphics</Filter>
    </ClCompile>
    <ClCompile Include="graphics\animation\AnimationPlayController.cpp">
      <Filter>Graphics\Animation</Filter>
    </ClCompile>
    <ClCompile Include="graphics\animation\Animation.cpp">
      <Filter>Graphics\Animation</Filter>
    </ClCompile>
    <ClCompile Include="graphics\animation\AnimationClip.cpp">
      <Filter>Graphics\Animation</Filter>
    </ClCompile>
    <ClCompile Include="HID\Pad.cpp">
      <Filter>HID</Filter>
    </ClCompile>
    <ClCompile Include="level\MapChip.cpp">
      <Filter>level</Filter>
    </ClCompile>
    <ClCompile Include="level\Level.cpp">
      <Filter>level</Filter>
    </ClCompile>
    <ClCompile Include="math\Vector.cpp">
      <Filter>math</Filter>
    </ClCompile>
    <ClCompile Include="math\kMath.cpp">
      <Filter>math</Filter>
    </ClCompile>
    <ClCompile Include="math\Matrix.cpp">
      <Filter>math</Filter>
    </ClCompile>
    <ClCompile Include="physics\Physics.cpp">
      <Filter>Physics</Filter>
    </ClCompile>
    <ClCompile Include="physics\PhysicsStaticObject.cpp">
      <Filter>Physics</Filter>
    </ClCompile>
    <ClCompile Include="physics\RigidBody.cpp">
      <Filter>Physics</Filter>
    </ClCompile>
    <ClCompile Include="physics\CapsuleCollider.cpp">
      <Filter>Physics</Filter>
    </ClCompile>
    <ClCompile Include="physics\MeshCollider.cpp">
      <Filter>Physics</Filter>
    </ClCompile>
    <ClCompile Include="system\system.cpp">
      <Filter>System</Filter>
    </ClCompile>
    <ClCompile Include="PreCompile.cpp" />
    <ClCompile Include="UsualEngine.cpp" />
    <ClCompile Include="GameObject\GameObjectManager.cpp">
      <Filter>GameObject</Filter>
    </ClCompile>
    <ClCompile Include="GameObject\GameObject.cpp">
      <Filter>GameObject</Filter>
    </ClCompile>
    <ClCompile Include="Timer\GameTime.cpp">
      <Filter>Timer</Filter>
    </ClCompile>
    <ClCompile Include="Timer\Stopwatch.cpp">
      <Filter>Timer</Filter>
    </ClCompile>
    <ClCompile Include="graphics\SkinModel.cpp">
      <Filter>Graphics\3D</Filter>
    </ClCompile>
    <ClCompile Include="graphics\SkinModelDataManager.cpp">
      <Filter>Graphics\3D</Filter>
    </ClCompile>
    <ClCompile Include="graphics\SkinModelEffect.cpp">
      <Filter>Graphics\3D</Filter>
    </ClCompile>
    <ClCompile Include="graphics\SkinModelRender.cpp">
      <Filter>Graphics\3D</Filter>
    </ClCompile>
    <ClCompile Include="graphics\Skeleton.cpp">
      <Filter>Graphics\3D</Filter>
    </ClCompile>
    <ClCompile Include="graphics\Sprite.cpp">
      <Filter>Graphics\2D</Filter>
    </ClCompile>
    <ClCompile Include="graphics\VertexBuffer.cpp">
      <Filter>Graphics\GPUBuffer</Filter>
    </ClCompile>
    <ClCompile Include="graphics\IndexBuffer.cpp">
      <Filter>Graphics\GPUBuffer</Filter>
    </ClCompile>
    <ClCompile Include="graphics\Primitive.cpp">
      <Filter>Graphics</Filter>
    </ClCompile>
    <ClCompile Include="graphics\SpriteDataManager.cpp">
      <Filter>Graphics\2D</Filter>
    </ClCompile>
    <ClCompile Include="graphics\ConstantBuffer.cpp">
      <Filter>Graphics\GPUBuffer</Filter>
    </ClCompile>
    <ClCompile Include="graphics\SpriteRender.cpp">
      <Filter>Graphics\2D</Filter>
    </ClCompile>
    <ClCompile Include="graphics\LightDirection.cpp">
      <Filter>Graphics\Light</Filter>
    </ClCompile>
    <ClCompile Include="graphics\LightBase.cpp">
      <Filter>Graphics\Light</Filter>
    </ClCompile>
    <ClCompile Include="graphics\LightManager.cpp">
      <Filter>Graphics\Light</Filter>
    </ClCompile>
    <ClCompile Include="graphics\StructuredBuffer.cpp">
      <Filter>Graphics\GPUBuffer</Filter>
    </ClCompile>
    <ClCompile Include="graphics\GPUViewer.cpp">
      <Filter>Graphics\GPUView</Filter>
    </ClCompile>
    <ClCompile Include="graphics\LightStruct.cpp">
      <Filter>Graphics\Light</Filter>
    </ClCompile>
    <ClCompile Include="graphics\RenderTarget.cpp">
      <Filter>Graphics</Filter>
    </ClCompile>
    <ClCompile Include="graphics\ShadowMap.cpp">
      <Filter>Graphics</Filter>
    </ClCompile>
    <ClCompile Include="graphics\Wraped\ViewPort.cpp">
      <Filter>Graphics\Wrap</Filter>
    </ClCompile>
    <ClCompile Include="Prefab\SkinModelRender4Ground.cpp">
      <Filter>Prefab</Filter>
    </ClCompile>
    <ClCompile Include="physics\PhysicsDebugDraw.cpp">
      <Filter>Physics</Filter>
    </ClCompile>
    <ClCompile Include="physics\SphereCollider.cpp">
      <Filter>Physics</Filter>
    </ClCompile>
    <ClCompile Include="graphics\animation\IK.cpp">
      <Filter>Graphics\Animation</Filter>
    </ClCompile>
    <ClCompile Include="graphics\RenderState.cpp">
      <Filter>Graphics\RenderState</Filter>
    </ClCompile>
    <ClCompile Include="graphics\PostEffect\PostEffect.cpp">
      <Filter>Graphics\PostEffect</Filter>
    </ClCompile>
    <ClCompile Include="graphics\PostEffect\Bloom.cpp">
      <Filter>Graphics\PostEffect</Filter>
    </ClCompile>
    <ClCompile Include="graphics\PostEffect\GaussianBlur.cpp">
      <Filter>Graphics\PostEffect</Filter>
    </ClCompile>
  </ItemGroup>
  <ItemGroup>
    <ClInclude Include="character\CharacterController.h">
      <Filter>Character</Filter>
    </ClInclude>
    <ClInclude Include="graphics\ShaderResources.h">
      <Filter>Graphics</Filter>
    </ClInclude>
    <ClInclude Include="graphics\Camera.h">
      <Filter>Graphics</Filter>
    </ClInclude>
    <ClInclude Include="graphics\GraphicsEngine.h">
      <Filter>Graphics</Filter>
    </ClInclude>
    <ClInclude Include="graphics\Shader.h">
      <Filter>Graphics</Filter>
    </ClInclude>
    <ClInclude Include="graphics\animation\AnimationClip.h">
      <Filter>Graphics\Animation</Filter>
    </ClInclude>
    <ClInclude Include="graphics\animation\AnimationPlayController.h">
      <Filter>Graphics\Animation</Filter>
    </ClInclude>
    <ClInclude Include="graphics\animation\Animation.h">
      <Filter>Graphics\Animation</Filter>
    </ClInclude>
    <ClInclude Include="HID\Pad.h">
      <Filter>HID</Filter>
    </ClInclude>
    <ClInclude Include="level\Level.h">
      <Filter>level</Filter>
    </ClInclude>
    <ClInclude Include="level\MapChip.h">
      <Filter>level</Filter>
    </ClInclude>
    <ClInclude Include="math\Matrix.h">
      <Filter>math</Filter>
    </ClInclude>
    <ClInclude Include="math\Vector.h">
      <Filter>math</Filter>
    </ClInclude>
    <ClInclude Include="math\kMath.h">
      <Filter>math</Filter>
    </ClInclude>
    <ClInclude Include="physics\MeshCollider.h">
      <Filter>Physics</Filter>
    </ClInclude>
    <ClInclude Include="physics\Physics.h">
      <Filter>Physics</Filter>
    </ClInclude>
    <ClInclude Include="physics\PhysicsStaticObject.h">
      <Filter>Physics</Filter>
    </ClInclude>
    <ClInclude Include="physics\RigidBody.h">
      <Filter>Physics</Filter>
    </ClInclude>
    <ClInclude Include="physics\CapsuleCollider.h">
      <Filter>Physics</Filter>
    </ClInclude>
    <ClInclude Include="physics\CollisionAttr.h">
      <Filter>Physics</Filter>
    </ClInclude>
    <ClInclude Include="physics\ICollider.h">
      <Filter>Physics</Filter>
    </ClInclude>
    <ClInclude Include="system\system.h">
      <Filter>System</Filter>
    </ClInclude>
    <ClInclude Include="util\Util.h">
      <Filter>Util</Filter>
    </ClInclude>
    <ClInclude Include="PreCompile.h" />
    <ClInclude Include="UsualEngine.h" />
    <ClInclude Include="GameObject\GameObject.h">
      <Filter>GameObject</Filter>
    </ClInclude>
    <ClInclude Include="GameObject\GameObjectManager.h">
      <Filter>GameObject</Filter>
    </ClInclude>
    <ClInclude Include="Timer\GameTime.h">
      <Filter>Timer</Filter>
    </ClInclude>
    <ClInclude Include="Timer\Stopwatch.h">
      <Filter>Timer</Filter>
    </ClInclude>
    <ClInclude Include="graphics\SkinModelShaderConst.h">
      <Filter>Graphics\3D</Filter>
    </ClInclude>
    <ClInclude Include="graphics\SkinModel.h">
      <Filter>Graphics\3D</Filter>
    </ClInclude>
    <ClInclude Include="graphics\SkinModelDataManager.h">
      <Filter>Graphics\3D</Filter>
    </ClInclude>
    <ClInclude Include="graphics\SkinModelEffect.h">
      <Filter>Graphics\3D</Filter>
    </ClInclude>
    <ClInclude Include="graphics\SkinModelRender.h">
      <Filter>Graphics\3D</Filter>
    </ClInclude>
    <ClInclude Include="graphics\Skeleton.h">
      <Filter>Graphics\3D</Filter>
    </ClInclude>
    <ClInclude Include="graphics\Sprite.h">
      <Filter>Graphics\2D</Filter>
    </ClInclude>
    <ClInclude Include="graphics\VertexBuffer.h">
      <Filter>Graphics\GPUBuffer</Filter>
    </ClInclude>
    <ClInclude Include="graphics\IndexBuffer.h">
      <Filter>Graphics\GPUBuffer</Filter>
    </ClInclude>
    <ClInclude Include="graphics\Primitive.h">
      <Filter>Graphics</Filter>
    </ClInclude>
    <ClInclude Include="graphics\SpriteDataManager.h">
      <Filter>Graphics\2D</Filter>
    </ClInclude>
    <ClInclude Include="graphics\ConstantBuffer.h">
      <Filter>Graphics\GPUBuffer</Filter>
    </ClInclude>
    <ClInclude Include="graphics\SpriteRender.h">
      <Filter>Graphics\2D</Filter>
    </ClInclude>
    <ClInclude Include="graphics\LightBase.h">
      <Filter>Graphics\Light</Filter>
    </ClInclude>
    <ClInclude Include="graphics\LightDirection.h">
      <Filter>Graphics\Light</Filter>
    </ClInclude>
    <ClInclude Include="graphics\LightManager.h">
      <Filter>Graphics\Light</Filter>
    </ClInclude>
    <ClInclude Include="graphics\StructuredBuffer.h">
      <Filter>Graphics\GPUBuffer</Filter>
    </ClInclude>
    <ClInclude Include="graphics\GPUViewer.h">
      <Filter>Graphics\GPUView</Filter>
    </ClInclude>
    <ClInclude Include="graphics\LightStruct.h">
      <Filter>Graphics\Light</Filter>
    </ClInclude>
    <ClInclude Include="graphics\RenderTarget.h">
      <Filter>Graphics</Filter>
    </ClInclude>
    <ClInclude Include="graphics\ShadowMap.h">
      <Filter>Graphics</Filter>
    </ClInclude>
    <ClInclude Include="graphics\Wraped\ViewPort.h">
      <Filter>Graphics\Wrap</Filter>
    </ClInclude>
    <ClInclude Include="Prefab\SkinModelRender4Ground.h">
      <Filter>Prefab</Filter>
    </ClInclude>
    <ClInclude Include="physics\PhysicsDebugDraw.h">
      <Filter>Physics</Filter>
    </ClInclude>
    <ClInclude Include="physics\SphereCollider.h">
      <Filter>Physics</Filter>
    </ClInclude>
    <ClInclude Include="graphics\animation\IK.h">
      <Filter>Graphics\Animation</Filter>
    </ClInclude>
    <ClInclude Include="graphics\RenderState.h">
      <Filter>Graphics\RenderState</Filter>
    </ClInclude>
    <ClInclude Include="graphics\PostEffect\GaussianBlur.h">
      <Filter>Graphics\PostEffect</Filter>
    </ClInclude>
    <ClInclude Include="graphics\PostEffect\PostEffect.h">
      <Filter>Graphics\PostEffect</Filter>
    </ClInclude>
    <ClInclude Include="graphics\PostEffect\Bloom.h">
      <Filter>Graphics\PostEffect</Filter>
    </ClInclude>
  </ItemGroup>
</Project>