<?xml version="1.0" encoding="utf-8"?>
<Project ToolsVersion="4.0" xmlns="http://schemas.microsoft.com/developer/msbuild/2003">
  <ItemGroup>
    <ClCompile Include="main.cpp" />
    <ClCompile Include="stdafx.cpp" />
    <ClCompile Include="Game.cpp" />
  </ItemGroup>
  <ItemGroup>
    <ClInclude Include="stdafx.h" />
    <ClInclude Include="Game.h" />
  </ItemGroup>
  <ItemGroup>
    <Filter Include="Assets">
      <UniqueIdentifier>{ed2ee149-d768-49d9-a4ce-ba7acf6a4566}</UniqueIdentifier>
    </Filter>
    <Filter Include="Assets\Shader">
      <UniqueIdentifier>{73d0ccee-8c94-4ffb-af4f-abdd516853b8}</UniqueIdentifier>
    </Filter>
    <Filter Include="Assets\Model">
      <UniqueIdentifier>{8de2d2b5-fd79-4acf-9188-6a06e567045a}</UniqueIdentifier>
    </Filter>
    <Filter Include="Assets\Sprite">
      <UniqueIdentifier>{86dfc41e-9853-4e27-a2ae-58eed45d5028}</UniqueIdentifier>
    </Filter>
  </ItemGroup>
  <ItemGroup>
    <FxCompile Include="Assets\shader\model.fx">
      <Filter>Assets\Shader</Filter>
    </FxCompile>
    <FxCompile Include="Assets\shader\modelData.h">
      <Filter>Assets\Shader</Filter>
    </FxCompile>
    <FxCompile Include="Assets\shader\sprite.fx">
      <Filter>Assets\Shader</Filter>
    </FxCompile>
  </ItemGroup>
  <ItemGroup>
    <MeshContentTask Include="Assets\model\unityChan.fbx">
      <Filter>Assets\Model</Filter>
    </MeshContentTask>
    <MeshContentTask Include="Assets\model\block\dun.fbx">
      <Filter>Assets\Model</Filter>
    </MeshContentTask>
  </ItemGroup>
  <ItemGroup>
    <ImageContentTask Include="Assets\sprite\daru.PNG">
      <Filter>Assets\Sprite</Filter>
    </ImageContentTask>
  </ItemGroup>
</Project>