<?xml version="1.0" encoding="utf-8"?>
<Project ToolsVersion="4.0" xmlns="http://schemas.microsoft.com/developer/msbuild/2003">
  <ItemGroup>
    <ClCompile Include="main.cpp" />
    <ClCompile Include="stdafx.cpp" />
    <ClCompile Include="Game.cpp" />
    <ClCompile Include="Character\Character.cpp">
      <Filter>Chara</Filter>
    </ClCompile>
  </ItemGroup>
  <ItemGroup>
    <ClInclude Include="stdafx.h" />
    <ClInclude Include="Game.h" />
    <ClInclude Include="Assets\shader\Math.h">
      <Filter>Assets\Shader</Filter>
    </ClInclude>
    <ClInclude Include="Character\Character.h">
      <Filter>Chara</Filter>
    </ClInclude>
  </ItemGroup>
  <ItemGroup>
    <Filter Include="Assets">
      <UniqueIdentifier>{ed2ee149-d768-49d9-a4ce-ba7acf6a4566}</UniqueIdentifier>
    </Filter>
    <Filter Include="Assets\Shader">
      <UniqueIdentifier>{73d0ccee-8c94-4ffb-af4f-abdd516853b8}</UniqueIdentifier>
    </Filter>
    <Filter Include="Assets\Model">
      <UniqueIdentifier>{8de2d2b5-fd79-4acf-9188-6a06e567045a}</UniqueIdentifier>
    </Filter>
    <Filter Include="Assets\Sprite">
      <UniqueIdentifier>{86dfc41e-9853-4e27-a2ae-58eed45d5028}</UniqueIdentifier>
    </Filter>
    <Filter Include="Assets\Model\StagePreset">
      <UniqueIdentifier>{d4956ca1-0f14-4d9d-b654-be2e43208847}</UniqueIdentifier>
    </Filter>
    <Filter Include="Assets\Model\StagePreset\texture">
      <UniqueIdentifier>{7b61f1c2-db14-418e-8703-c120560a1899}</UniqueIdentifier>
    </Filter>
    <Filter Include="Chara">
      <UniqueIdentifier>{2adf3474-8b0c-4842-bdff-0f5cd19d1d2b}</UniqueIdentifier>
    </Filter>
  </ItemGroup>
  <ItemGroup>
    <FxCompile Include="Assets\shader\model.fx">
      <Filter>Assets\Shader</Filter>
    </FxCompile>
    <FxCompile Include="Assets\shader\modelData.h">
      <Filter>Assets\Shader</Filter>
    </FxCompile>
    <FxCompile Include="Assets\shader\sprite.fx">
      <Filter>Assets\Shader</Filter>
    </FxCompile>
    <FxCompile Include="Assets\shader\linePrimitive.fx">
      <Filter>Assets\Shader</Filter>
    </FxCompile>
  </ItemGroup>
  <ItemGroup>
    <MeshContentTask Include="Assets\model\unityChan.fbx">
      <Filter>Assets\Model</Filter>
    </MeshContentTask>
    <MeshContentTask Include="Assets\model\block\octagon.fbx">
      <Filter>Assets\Model\StagePreset</Filter>
    </MeshContentTask>
    <MeshContentTask Include="Assets\model\block\dun.fbx">
      <Filter>Assets\Model\StagePreset</Filter>
    </MeshContentTask>
    <MeshContentTask Include="Assets\model\gib\gib.bone.fbx">
      <Filter>Assets\Model</Filter>
    </MeshContentTask>
    <MeshContentTask Include="Assets\model\player\Player.fbx">
      <Filter>Assets\Model</Filter>
    </MeshContentTask>
  </ItemGroup>
  <ItemGroup>
    <ImageContentTask Include="Assets\sprite\daru.PNG">
      <Filter>Assets\Sprite</Filter>
    </ImageContentTask>
    <ImageContentTask Include="Assets\model\block\kusa.png">
      <Filter>Assets\Model\StagePreset\texture</Filter>
    </ImageContentTask>
    <ImageContentTask Include="Assets\model\block\map.png">
      <Filter>Assets\Model\StagePreset\texture</Filter>
    </ImageContentTask>
    <ImageContentTask Include="Assets\model\block\tuti.png">
      <Filter>Assets\Model\StagePreset\texture</Filter>
    </ImageContentTask>
  </ItemGroup>
</Project>