
Microsoft Visual Studio Solution File, Format Version 12.00
# Visual Studio Version 16
VisualStudioVersion = 16.0.28803.202
MinimumVisualStudioVersion = 10.0.40219.1
Project("{8BC9CEB8-8B4A-11D0-8D11-00A0C91BC942}") = "Game", "Game\Game.vcxproj", "{B4576AF7-CB32-41AE-882E-B8F0A0AE16C9}"
EndProject
Project("{8BC9CEB8-8B4A-11D0-8D11-00A0C91BC942}") = "UsualEngine", "UsualEngine\UsualEngine.vcxproj", "{FE9C216A-BDA9-4966-A27B-C1EA704B3A46}"
EndProject
Project("{2150E333-8FDC-42A3-9474-1A3956D46DE8}") = "exlib", "exlib", "{51F38D0D-F0B8-4889-8267-1C846738300F}"
EndProject
Project("{8BC9CEB8-8B4A-11D0-8D11-00A0C91BC942}") = "BulletCollision", "UsualEngine\bulletPhysics\src\BulletCollision\BulletCollision.vcxproj", "{28EF574A-84DB-3CB0-9B45-DB3545B2D05C}"
EndProject
Project("{8BC9CEB8-8B4A-11D0-8D11-00A0C91BC942}") = "BulletDynamics", "UsualEngine\bulletPhysics\src\BulletDynamics\BulletDynamics.vcxproj", "{9BF1ADF3-EB57-35E8-B156-ADE8FFC7E2F0}"
EndProject
Project("{8BC9CEB8-8B4A-11D0-8D11-00A0C91BC942}") = "LinearMath", "UsualEngine\bulletPhysics\src\LinearMath\LinearMath.vcxproj", "{4DCE52A5-106C-3D94-815D-C8EBC6133B5E}"
EndProject
Project("{8BC9CEB8-8B4A-11D0-8D11-00A0C91BC942}") = "DirectXTK_Desktop_2015_Win10", "UsualEngine\DirectXTK\DirectXTK_Desktop_2015_Win10.vcxproj", "{E0B52AE7-E160-4D32-BF3F-910B785E5A8E}"
EndProject
Project("{8BC9CEB8-8B4A-11D0-8D11-00A0C91BC942}") = "Effekseer", "UsualEngine\EffekseerRuntime130\src\Effekseer\Effekseer.vcxproj", "{91E36741-5DFC-46E3-A7F3-28A67FD637C8}"
EndProject
Project("{8BC9CEB8-8B4A-11D0-8D11-00A0C91BC942}") = "EffekseerRendererDX11", "UsualEngine\EffekseerRuntime130\src\EffekseerRendererDX11\EffekseerRendererDX11.vcxproj", "{4E7A02CF-51F7-414B-9874-A34116D2B43C}"
EndProject
Global
	GlobalSection(SolutionConfigurationPlatforms) = preSolution
		Debug_Low|x64 = Debug_Low|x64
		Debug_Low|x86 = Debug_Low|x86
		Debug_Middle|x64 = Debug_Middle|x64
		Debug_Middle|x86 = Debug_Middle|x86
		Debug|x64 = Debug|x64
		Debug|x86 = Debug|x86
		MinSizeRel|x64 = MinSizeRel|x64
		MinSizeRel|x86 = MinSizeRel|x86
		Preview_Low|x64 = Preview_Low|x64
		Preview_Low|x86 = Preview_Low|x86
		Preview_Middle|x64 = Preview_Middle|x64
		Preview_Middle|x86 = Preview_Middle|x86
		Preview|x64 = Preview|x64
		Preview|x86 = Preview|x86
		Release_Low|x64 = Release_Low|x64
		Release_Low|x86 = Release_Low|x86
		Release_Middle|x64 = Release_Middle|x64
		Release_Middle|x86 = Release_Middle|x86
		Release|x64 = Release|x64
		Release|x86 = Release|x86
		RelWithDebInfo|x64 = RelWithDebInfo|x64
		RelWithDebInfo|x86 = RelWithDebInfo|x86
	EndGlobalSection
	GlobalSection(ProjectConfigurationPlatforms) = postSolution
		{B4576AF7-CB32-41AE-882E-B8F0A0AE16C9}.Debug_Low|x64.ActiveCfg = Debug|x64
		{B4576AF7-CB32-41AE-882E-B8F0A0AE16C9}.Debug_Low|x64.Build.0 = Debug|x64
		{B4576AF7-CB32-41AE-882E-B8F0A0AE16C9}.Debug_Low|x86.ActiveCfg = Debug|Win32
		{B4576AF7-CB32-41AE-882E-B8F0A0AE16C9}.Debug_Low|x86.Build.0 = Debug|Win32
		{B4576AF7-CB32-41AE-882E-B8F0A0AE16C9}.Debug_Middle|x64.ActiveCfg = Debug|x64
		{B4576AF7-CB32-41AE-882E-B8F0A0AE16C9}.Debug_Middle|x64.Build.0 = Debug|x64
		{B4576AF7-CB32-41AE-882E-B8F0A0AE16C9}.Debug_Middle|x86.ActiveCfg = Debug|Win32
		{B4576AF7-CB32-41AE-882E-B8F0A0AE16C9}.Debug_Middle|x86.Build.0 = Debug|Win32
		{B4576AF7-CB32-41AE-882E-B8F0A0AE16C9}.Debug|x64.ActiveCfg = Debug|x64
		{B4576AF7-CB32-41AE-882E-B8F0A0AE16C9}.Debug|x64.Build.0 = Debug|x64
		{B4576AF7-CB32-41AE-882E-B8F0A0AE16C9}.Debug|x86.ActiveCfg = Debug|Win32
		{B4576AF7-CB32-41AE-882E-B8F0A0AE16C9}.Debug|x86.Build.0 = Debug|Win32
		{B4576AF7-CB32-41AE-882E-B8F0A0AE16C9}.MinSizeRel|x64.ActiveCfg = Release|x64
		{B4576AF7-CB32-41AE-882E-B8F0A0AE16C9}.MinSizeRel|x64.Build.0 = Release|x64
		{B4576AF7-CB32-41AE-882E-B8F0A0AE16C9}.MinSizeRel|x86.ActiveCfg = Release|Win32
		{B4576AF7-CB32-41AE-882E-B8F0A0AE16C9}.MinSizeRel|x86.Build.0 = Release|Win32
		{B4576AF7-CB32-41AE-882E-B8F0A0AE16C9}.Preview_Low|x64.ActiveCfg = Release|x64
		{B4576AF7-CB32-41AE-882E-B8F0A0AE16C9}.Preview_Low|x64.Build.0 = Release|x64
		{B4576AF7-CB32-41AE-882E-B8F0A0AE16C9}.Preview_Low|x86.ActiveCfg = Release|Win32
		{B4576AF7-CB32-41AE-882E-B8F0A0AE16C9}.Preview_Low|x86.Build.0 = Release|Win32
		{B4576AF7-CB32-41AE-882E-B8F0A0AE16C9}.Preview_Middle|x64.ActiveCfg = Release|x64
		{B4576AF7-CB32-41AE-882E-B8F0A0AE16C9}.Preview_Middle|x64.Build.0 = Release|x64
		{B4576AF7-CB32-41AE-882E-B8F0A0AE16C9}.Preview_Middle|x86.ActiveCfg = Release|Win32
		{B4576AF7-CB32-41AE-882E-B8F0A0AE16C9}.Preview_Middle|x86.Build.0 = Release|Win32
		{B4576AF7-CB32-41AE-882E-B8F0A0AE16C9}.Preview|x64.ActiveCfg = Release|x64
		{B4576AF7-CB32-41AE-882E-B8F0A0AE16C9}.Preview|x64.Build.0 = Release|x64
		{B4576AF7-CB32-41AE-882E-B8F0A0AE16C9}.Preview|x86.ActiveCfg = Release|Win32
		{B4576AF7-CB32-41AE-882E-B8F0A0AE16C9}.Preview|x86.Build.0 = Release|Win32
		{B4576AF7-CB32-41AE-882E-B8F0A0AE16C9}.Release_Low|x64.ActiveCfg = Release|x64
		{B4576AF7-CB32-41AE-882E-B8F0A0AE16C9}.Release_Low|x64.Build.0 = Release|x64
		{B4576AF7-CB32-41AE-882E-B8F0A0AE16C9}.Release_Low|x86.ActiveCfg = Release|Win32
		{B4576AF7-CB32-41AE-882E-B8F0A0AE16C9}.Release_Low|x86.Build.0 = Release|Win32
		{B4576AF7-CB32-41AE-882E-B8F0A0AE16C9}.Release_Middle|x64.ActiveCfg = Release|x64
		{B4576AF7-CB32-41AE-882E-B8F0A0AE16C9}.Release_Middle|x64.Build.0 = Release|x64
		{B4576AF7-CB32-41AE-882E-B8F0A0AE16C9}.Release_Middle|x86.ActiveCfg = Release|Win32
		{B4576AF7-CB32-41AE-882E-B8F0A0AE16C9}.Release_Middle|x86.Build.0 = Release|Win32
		{B4576AF7-CB32-41AE-882E-B8F0A0AE16C9}.Release|x64.ActiveCfg = Release|x64
		{B4576AF7-CB32-41AE-882E-B8F0A0AE16C9}.Release|x64.Build.0 = Release|x64
		{B4576AF7-CB32-41AE-882E-B8F0A0AE16C9}.Release|x86.ActiveCfg = Release|Win32
		{B4576AF7-CB32-41AE-882E-B8F0A0AE16C9}.Release|x86.Build.0 = Release|Win32
		{B4576AF7-CB32-41AE-882E-B8F0A0AE16C9}.RelWithDebInfo|x64.ActiveCfg = Release|x64
		{B4576AF7-CB32-41AE-882E-B8F0A0AE16C9}.RelWithDebInfo|x64.Build.0 = Release|x64
		{B4576AF7-CB32-41AE-882E-B8F0A0AE16C9}.RelWithDebInfo|x86.ActiveCfg = Release|Win32
		{B4576AF7-CB32-41AE-882E-B8F0A0AE16C9}.RelWithDebInfo|x86.Build.0 = Release|Win32
		{FE9C216A-BDA9-4966-A27B-C1EA704B3A46}.Debug_Low|x64.ActiveCfg = Debug|x64
		{FE9C216A-BDA9-4966-A27B-C1EA704B3A46}.Debug_Low|x64.Build.0 = Debug|x64
		{FE9C216A-BDA9-4966-A27B-C1EA704B3A46}.Debug_Low|x86.ActiveCfg = Debug|Win32
		{FE9C216A-BDA9-4966-A27B-C1EA704B3A46}.Debug_Low|x86.Build.0 = Debug|Win32
		{FE9C216A-BDA9-4966-A27B-C1EA704B3A46}.Debug_Middle|x64.ActiveCfg = Debug|x64
		{FE9C216A-BDA9-4966-A27B-C1EA704B3A46}.Debug_Middle|x64.Build.0 = Debug|x64
		{FE9C216A-BDA9-4966-A27B-C1EA704B3A46}.Debug_Middle|x86.ActiveCfg = Debug|Win32
		{FE9C216A-BDA9-4966-A27B-C1EA704B3A46}.Debug_Middle|x86.Build.0 = Debug|Win32
		{FE9C216A-BDA9-4966-A27B-C1EA704B3A46}.Debug|x64.ActiveCfg = Debug|x64
		{FE9C216A-BDA9-4966-A27B-C1EA704B3A46}.Debug|x64.Build.0 = Debug|x64
		{FE9C216A-BDA9-4966-A27B-C1EA704B3A46}.Debug|x86.ActiveCfg = Debug|Win32
		{FE9C216A-BDA9-4966-A27B-C1EA704B3A46}.Debug|x86.Build.0 = Debug|Win32
		{FE9C216A-BDA9-4966-A27B-C1EA704B3A46}.MinSizeRel|x64.ActiveCfg = Release|x64
		{FE9C216A-BDA9-4966-A27B-C1EA704B3A46}.MinSizeRel|x64.Build.0 = Release|x64
		{FE9C216A-BDA9-4966-A27B-C1EA704B3A46}.MinSizeRel|x86.ActiveCfg = Release|Win32
		{FE9C216A-BDA9-4966-A27B-C1EA704B3A46}.MinSizeRel|x86.Build.0 = Release|Win32
		{FE9C216A-BDA9-4966-A27B-C1EA704B3A46}.Preview_Low|x64.ActiveCfg = Release|x64
		{FE9C216A-BDA9-4966-A27B-C1EA704B3A46}.Preview_Low|x64.Build.0 = Release|x64
		{FE9C216A-BDA9-4966-A27B-C1EA704B3A46}.Preview_Low|x86.ActiveCfg = Release|Win32
		{FE9C216A-BDA9-4966-A27B-C1EA704B3A46}.Preview_Low|x86.Build.0 = Release|Win32
		{FE9C216A-BDA9-4966-A27B-C1EA704B3A46}.Preview_Middle|x64.ActiveCfg = Release|x64
		{FE9C216A-BDA9-4966-A27B-C1EA704B3A46}.Preview_Middle|x64.Build.0 = Release|x64
		{FE9C216A-BDA9-4966-A27B-C1EA704B3A46}.Preview_Middle|x86.ActiveCfg = Release|Win32
		{FE9C216A-BDA9-4966-A27B-C1EA704B3A46}.Preview_Middle|x86.Build.0 = Release|Win32
		{FE9C216A-BDA9-4966-A27B-C1EA704B3A46}.Preview|x64.ActiveCfg = Release|x64
		{FE9C216A-BDA9-4966-A27B-C1EA704B3A46}.Preview|x64.Build.0 = Release|x64
		{FE9C216A-BDA9-4966-A27B-C1EA704B3A46}.Preview|x86.ActiveCfg = Release|Win32
		{FE9C216A-BDA9-4966-A27B-C1EA704B3A46}.Preview|x86.Build.0 = Release|Win32
		{FE9C216A-BDA9-4966-A27B-C1EA704B3A46}.Release_Low|x64.ActiveCfg = Release|x64
		{FE9C216A-BDA9-4966-A27B-C1EA704B3A46}.Release_Low|x64.Build.0 = Release|x64
		{FE9C216A-BDA9-4966-A27B-C1EA704B3A46}.Release_Low|x86.ActiveCfg = Release|Win32
		{FE9C216A-BDA9-4966-A27B-C1EA704B3A46}.Release_Low|x86.Build.0 = Release|Win32
		{FE9C216A-BDA9-4966-A27B-C1EA704B3A46}.Release_Middle|x64.ActiveCfg = Release|x64
		{FE9C216A-BDA9-4966-A27B-C1EA704B3A46}.Release_Middle|x64.Build.0 = Release|x64
		{FE9C216A-BDA9-4966-A27B-C1EA704B3A46}.Release_Middle|x86.ActiveCfg = Release|Win32
		{FE9C216A-BDA9-4966-A27B-C1EA704B3A46}.Release_Middle|x86.Build.0 = Release|Win32
		{FE9C216A-BDA9-4966-A27B-C1EA704B3A46}.Release|x64.ActiveCfg = Release|x64
		{FE9C216A-BDA9-4966-A27B-C1EA704B3A46}.Release|x64.Build.0 = Release|x64
		{FE9C216A-BDA9-4966-A27B-C1EA704B3A46}.Release|x86.ActiveCfg = Release|Win32
		{FE9C216A-BDA9-4966-A27B-C1EA704B3A46}.Release|x86.Build.0 = Release|Win32
		{FE9C216A-BDA9-4966-A27B-C1EA704B3A46}.RelWithDebInfo|x64.ActiveCfg = Release|x64
		{FE9C216A-BDA9-4966-A27B-C1EA704B3A46}.RelWithDebInfo|x64.Build.0 = Release|x64
		{FE9C216A-BDA9-4966-A27B-C1EA704B3A46}.RelWithDebInfo|x86.ActiveCfg = Release|Win32
		{FE9C216A-BDA9-4966-A27B-C1EA704B3A46}.RelWithDebInfo|x86.Build.0 = Release|Win32
		{28EF574A-84DB-3CB0-9B45-DB3545B2D05C}.Debug_Low|x64.ActiveCfg = Debug_Low|x64
		{28EF574A-84DB-3CB0-9B45-DB3545B2D05C}.Debug_Low|x64.Build.0 = Debug_Low|x64
		{28EF574A-84DB-3CB0-9B45-DB3545B2D05C}.Debug_Low|x86.ActiveCfg = Debug_Low|Win32
		{28EF574A-84DB-3CB0-9B45-DB3545B2D05C}.Debug_Low|x86.Build.0 = Debug_Low|Win32
		{28EF574A-84DB-3CB0-9B45-DB3545B2D05C}.Debug_Middle|x64.ActiveCfg = Debug_Middle|x64
		{28EF574A-84DB-3CB0-9B45-DB3545B2D05C}.Debug_Middle|x64.Build.0 = Debug_Middle|x64
		{28EF574A-84DB-3CB0-9B45-DB3545B2D05C}.Debug_Middle|x86.ActiveCfg = Debug_Middle|Win32
		{28EF574A-84DB-3CB0-9B45-DB3545B2D05C}.Debug_Middle|x86.Build.0 = Debug_Middle|Win32
		{28EF574A-84DB-3CB0-9B45-DB3545B2D05C}.Debug|x64.ActiveCfg = Debug|x64
		{28EF574A-84DB-3CB0-9B45-DB3545B2D05C}.Debug|x64.Build.0 = Debug|x64
		{28EF574A-84DB-3CB0-9B45-DB3545B2D05C}.Debug|x86.ActiveCfg = Debug|x64
		{28EF574A-84DB-3CB0-9B45-DB3545B2D05C}.Debug|x86.Build.0 = Debug|x64
		{28EF574A-84DB-3CB0-9B45-DB3545B2D05C}.MinSizeRel|x64.ActiveCfg = MinSizeRel|x64
		{28EF574A-84DB-3CB0-9B45-DB3545B2D05C}.MinSizeRel|x64.Build.0 = MinSizeRel|x64
		{28EF574A-84DB-3CB0-9B45-DB3545B2D05C}.MinSizeRel|x86.ActiveCfg = MinSizeRel|Win32
		{28EF574A-84DB-3CB0-9B45-DB3545B2D05C}.MinSizeRel|x86.Build.0 = MinSizeRel|Win32
		{28EF574A-84DB-3CB0-9B45-DB3545B2D05C}.Preview_Low|x64.ActiveCfg = Preview_Low|x64
		{28EF574A-84DB-3CB0-9B45-DB3545B2D05C}.Preview_Low|x64.Build.0 = Preview_Low|x64
		{28EF574A-84DB-3CB0-9B45-DB3545B2D05C}.Preview_Low|x86.ActiveCfg = Preview_Low|Win32
		{28EF574A-84DB-3CB0-9B45-DB3545B2D05C}.Preview_Low|x86.Build.0 = Preview_Low|Win32
		{28EF574A-84DB-3CB0-9B45-DB3545B2D05C}.Preview_Middle|x64.ActiveCfg = Preview_Middle|x64
		{28EF574A-84DB-3CB0-9B45-DB3545B2D05C}.Preview_Middle|x64.Build.0 = Preview_Middle|x64
		{28EF574A-84DB-3CB0-9B45-DB3545B2D05C}.Preview_Middle|x86.ActiveCfg = Preview_Middle|Win32
		{28EF574A-84DB-3CB0-9B45-DB3545B2D05C}.Preview_Middle|x86.Build.0 = Preview_Middle|Win32
		{28EF574A-84DB-3CB0-9B45-DB3545B2D05C}.Preview|x64.ActiveCfg = Preview|x64
		{28EF574A-84DB-3CB0-9B45-DB3545B2D05C}.Preview|x64.Build.0 = Preview|x64
		{28EF574A-84DB-3CB0-9B45-DB3545B2D05C}.Preview|x86.ActiveCfg = Preview|Win32
		{28EF574A-84DB-3CB0-9B45-DB3545B2D05C}.Preview|x86.Build.0 = Preview|Win32
		{28EF574A-84DB-3CB0-9B45-DB3545B2D05C}.Release_Low|x64.ActiveCfg = Release_Low|x64
		{28EF574A-84DB-3CB0-9B45-DB3545B2D05C}.Release_Low|x64.Build.0 = Release_Low|x64
		{28EF574A-84DB-3CB0-9B45-DB3545B2D05C}.Release_Low|x86.ActiveCfg = Release_Low|Win32
		{28EF574A-84DB-3CB0-9B45-DB3545B2D05C}.Release_Low|x86.Build.0 = Release_Low|Win32
		{28EF574A-84DB-3CB0-9B45-DB3545B2D05C}.Release_Middle|x64.ActiveCfg = Release_Middle|x64
		{28EF574A-84DB-3CB0-9B45-DB3545B2D05C}.Release_Middle|x64.Build.0 = Release_Middle|x64
		{28EF574A-84DB-3CB0-9B45-DB3545B2D05C}.Release_Middle|x86.ActiveCfg = Release_Middle|Win32
		{28EF574A-84DB-3CB0-9B45-DB3545B2D05C}.Release_Middle|x86.Build.0 = Release_Middle|Win32
		{28EF574A-84DB-3CB0-9B45-DB3545B2D05C}.Release|x64.ActiveCfg = Release|x64
		{28EF574A-84DB-3CB0-9B45-DB3545B2D05C}.Release|x64.Build.0 = Release|x64
		{28EF574A-84DB-3CB0-9B45-DB3545B2D05C}.Release|x86.ActiveCfg = Release|Win32
		{28EF574A-84DB-3CB0-9B45-DB3545B2D05C}.Release|x86.Build.0 = Release|Win32
		{28EF574A-84DB-3CB0-9B45-DB3545B2D05C}.RelWithDebInfo|x64.ActiveCfg = RelWithDebInfo|x64
		{28EF574A-84DB-3CB0-9B45-DB3545B2D05C}.RelWithDebInfo|x64.Build.0 = RelWithDebInfo|x64
		{28EF574A-84DB-3CB0-9B45-DB3545B2D05C}.RelWithDebInfo|x86.ActiveCfg = RelWithDebInfo|Win32
		{28EF574A-84DB-3CB0-9B45-DB3545B2D05C}.RelWithDebInfo|x86.Build.0 = RelWithDebInfo|Win32
		{9BF1ADF3-EB57-35E8-B156-ADE8FFC7E2F0}.Debug_Low|x64.ActiveCfg = Debug_Low|x64
		{9BF1ADF3-EB57-35E8-B156-ADE8FFC7E2F0}.Debug_Low|x64.Build.0 = Debug_Low|x64
		{9BF1ADF3-EB57-35E8-B156-ADE8FFC7E2F0}.Debug_Low|x86.ActiveCfg = Debug_Low|Win32
		{9BF1ADF3-EB57-35E8-B156-ADE8FFC7E2F0}.Debug_Low|x86.Build.0 = Debug_Low|Win32
		{9BF1ADF3-EB57-35E8-B156-ADE8FFC7E2F0}.Debug_Middle|x64.ActiveCfg = Debug_Middle|x64
		{9BF1ADF3-EB57-35E8-B156-ADE8FFC7E2F0}.Debug_Middle|x64.Build.0 = Debug_Middle|x64
		{9BF1ADF3-EB57-35E8-B156-ADE8FFC7E2F0}.Debug_Middle|x86.ActiveCfg = Debug_Middle|Win32
		{9BF1ADF3-EB57-35E8-B156-ADE8FFC7E2F0}.Debug_Middle|x86.Build.0 = Debug_Middle|Win32
		{9BF1ADF3-EB57-35E8-B156-ADE8FFC7E2F0}.Debug|x64.ActiveCfg = Debug|x64
		{9BF1ADF3-EB57-35E8-B156-ADE8FFC7E2F0}.Debug|x64.Build.0 = Debug|x64
		{9BF1ADF3-EB57-35E8-B156-ADE8FFC7E2F0}.Debug|x86.ActiveCfg = Debug|x64
		{9BF1ADF3-EB57-35E8-B156-ADE8FFC7E2F0}.Debug|x86.Build.0 = Debug|x64
		{9BF1ADF3-EB57-35E8-B156-ADE8FFC7E2F0}.MinSizeRel|x64.ActiveCfg = MinSizeRel|x64
		{9BF1ADF3-EB57-35E8-B156-ADE8FFC7E2F0}.MinSizeRel|x64.Build.0 = MinSizeRel|x64
		{9BF1ADF3-EB57-35E8-B156-ADE8FFC7E2F0}.MinSizeRel|x86.ActiveCfg = MinSizeRel|Win32
		{9BF1ADF3-EB57-35E8-B156-ADE8FFC7E2F0}.MinSizeRel|x86.Build.0 = MinSizeRel|Win32
		{9BF1ADF3-EB57-35E8-B156-ADE8FFC7E2F0}.Preview_Low|x64.ActiveCfg = Preview_Low|x64
		{9BF1ADF3-EB57-35E8-B156-ADE8FFC7E2F0}.Preview_Low|x64.Build.0 = Preview_Low|x64
		{9BF1ADF3-EB57-35E8-B156-ADE8FFC7E2F0}.Preview_Low|x86.ActiveCfg = Preview_Low|Win32
		{9BF1ADF3-EB57-35E8-B156-ADE8FFC7E2F0}.Preview_Low|x86.Build.0 = Preview_Low|Win32
		{9BF1ADF3-EB57-35E8-B156-ADE8FFC7E2F0}.Preview_Middle|x64.ActiveCfg = Preview_Middle|x64
		{9BF1ADF3-EB57-35E8-B156-ADE8FFC7E2F0}.Preview_Middle|x64.Build.0 = Preview_Middle|x64
		{9BF1ADF3-EB57-35E8-B156-ADE8FFC7E2F0}.Preview_Middle|x86.ActiveCfg = Preview_Middle|Win32
		{9BF1ADF3-EB57-35E8-B156-ADE8FFC7E2F0}.Preview_Middle|x86.Build.0 = Preview_Middle|Win32
		{9BF1ADF3-EB57-35E8-B156-ADE8FFC7E2F0}.Preview|x64.ActiveCfg = Preview|x64
		{9BF1ADF3-EB57-35E8-B156-ADE8FFC7E2F0}.Preview|x64.Build.0 = Preview|x64
		{9BF1ADF3-EB57-35E8-B156-ADE8FFC7E2F0}.Preview|x86.ActiveCfg = Preview|Win32
		{9BF1ADF3-EB57-35E8-B156-ADE8FFC7E2F0}.Preview|x86.Build.0 = Preview|Win32
		{9BF1ADF3-EB57-35E8-B156-ADE8FFC7E2F0}.Release_Low|x64.ActiveCfg = Release_Low|x64
		{9BF1ADF3-EB57-35E8-B156-ADE8FFC7E2F0}.Release_Low|x64.Build.0 = Release_Low|x64
		{9BF1ADF3-EB57-35E8-B156-ADE8FFC7E2F0}.Release_Low|x86.ActiveCfg = Release_Low|Win32
		{9BF1ADF3-EB57-35E8-B156-ADE8FFC7E2F0}.Release_Low|x86.Build.0 = Release_Low|Win32
		{9BF1ADF3-EB57-35E8-B156-ADE8FFC7E2F0}.Release_Middle|x64.ActiveCfg = Release_Middle|x64
		{9BF1ADF3-EB57-35E8-B156-ADE8FFC7E2F0}.Release_Middle|x64.Build.0 = Release_Middle|x64
		{9BF1ADF3-EB57-35E8-B156-ADE8FFC7E2F0}.Release_Middle|x86.ActiveCfg = Release_Middle|Win32
		{9BF1ADF3-EB57-35E8-B156-ADE8FFC7E2F0}.Release_Middle|x86.Build.0 = Release_Middle|Win32
		{9BF1ADF3-EB57-35E8-B156-ADE8FFC7E2F0}.Release|x64.ActiveCfg = Release|x64
		{9BF1ADF3-EB57-35E8-B156-ADE8FFC7E2F0}.Release|x64.Build.0 = Release|x64
		{9BF1ADF3-EB57-35E8-B156-ADE8FFC7E2F0}.Release|x86.ActiveCfg = Release|Win32
		{9BF1ADF3-EB57-35E8-B156-ADE8FFC7E2F0}.Release|x86.Build.0 = Release|Win32
		{9BF1ADF3-EB57-35E8-B156-ADE8FFC7E2F0}.RelWithDebInfo|x64.ActiveCfg = RelWithDebInfo|x64
		{9BF1ADF3-EB57-35E8-B156-ADE8FFC7E2F0}.RelWithDebInfo|x64.Build.0 = RelWithDebInfo|x64
		{9BF1ADF3-EB57-35E8-B156-ADE8FFC7E2F0}.RelWithDebInfo|x86.ActiveCfg = RelWithDebInfo|Win32
		{9BF1ADF3-EB57-35E8-B156-ADE8FFC7E2F0}.RelWithDebInfo|x86.Build.0 = RelWithDebInfo|Win32
		{4DCE52A5-106C-3D94-815D-C8EBC6133B5E}.Debug_Low|x64.ActiveCfg = Debug_Low|x64
		{4DCE52A5-106C-3D94-815D-C8EBC6133B5E}.Debug_Low|x64.Build.0 = Debug_Low|x64
		{4DCE52A5-106C-3D94-815D-C8EBC6133B5E}.Debug_Low|x86.ActiveCfg = Debug_Low|Win32
		{4DCE52A5-106C-3D94-815D-C8EBC6133B5E}.Debug_Low|x86.Build.0 = Debug_Low|Win32
		{4DCE52A5-106C-3D94-815D-C8EBC6133B5E}.Debug_Middle|x64.ActiveCfg = Debug_Middle|x64
		{4DCE52A5-106C-3D94-815D-C8EBC6133B5E}.Debug_Middle|x64.Build.0 = Debug_Middle|x64
		{4DCE52A5-106C-3D94-815D-C8EBC6133B5E}.Debug_Middle|x86.ActiveCfg = Debug_Middle|Win32
		{4DCE52A5-106C-3D94-815D-C8EBC6133B5E}.Debug_Middle|x86.Build.0 = Debug_Middle|Win32
		{4DCE52A5-106C-3D94-815D-C8EBC6133B5E}.Debug|x64.ActiveCfg = Debug|x64
		{4DCE52A5-106C-3D94-815D-C8EBC6133B5E}.Debug|x64.Build.0 = Debug|x64
		{4DCE52A5-106C-3D94-815D-C8EBC6133B5E}.Debug|x86.ActiveCfg = Debug|Win32
		{4DCE52A5-106C-3D94-815D-C8EBC6133B5E}.Debug|x86.Build.0 = Debug|Win32
		{4DCE52A5-106C-3D94-815D-C8EBC6133B5E}.MinSizeRel|x64.ActiveCfg = MinSizeRel|x64
		{4DCE52A5-106C-3D94-815D-C8EBC6133B5E}.MinSizeRel|x64.Build.0 = MinSizeRel|x64
		{4DCE52A5-106C-3D94-815D-C8EBC6133B5E}.MinSizeRel|x86.ActiveCfg = MinSizeRel|Win32
		{4DCE52A5-106C-3D94-815D-C8EBC6133B5E}.MinSizeRel|x86.Build.0 = MinSizeRel|Win32
		{4DCE52A5-106C-3D94-815D-C8EBC6133B5E}.Preview_Low|x64.ActiveCfg = Preview_Low|x64
		{4DCE52A5-106C-3D94-815D-C8EBC6133B5E}.Preview_Low|x64.Build.0 = Preview_Low|x64
		{4DCE52A5-106C-3D94-815D-C8EBC6133B5E}.Preview_Low|x86.ActiveCfg = Preview_Low|Win32
		{4DCE52A5-106C-3D94-815D-C8EBC6133B5E}.Preview_Low|x86.Build.0 = Preview_Low|Win32
		{4DCE52A5-106C-3D94-815D-C8EBC6133B5E}.Preview_Middle|x64.ActiveCfg = Preview_Middle|x64
		{4DCE52A5-106C-3D94-815D-C8EBC6133B5E}.Preview_Middle|x64.Build.0 = Preview_Middle|x64
		{4DCE52A5-106C-3D94-815D-C8EBC6133B5E}.Preview_Middle|x86.ActiveCfg = Preview_Middle|Win32
		{4DCE52A5-106C-3D94-815D-C8EBC6133B5E}.Preview_Middle|x86.Build.0 = Preview_Middle|Win32
		{4DCE52A5-106C-3D94-815D-C8EBC6133B5E}.Preview|x64.ActiveCfg = Preview|x64
		{4DCE52A5-106C-3D94-815D-C8EBC6133B5E}.Preview|x64.Build.0 = Preview|x64
		{4DCE52A5-106C-3D94-815D-C8EBC6133B5E}.Preview|x86.ActiveCfg = Preview|Win32
		{4DCE52A5-106C-3D94-815D-C8EBC6133B5E}.Preview|x86.Build.0 = Preview|Win32
		{4DCE52A5-106C-3D94-815D-C8EBC6133B5E}.Release_Low|x64.ActiveCfg = Release_Low|x64
		{4DCE52A5-106C-3D94-815D-C8EBC6133B5E}.Release_Low|x64.Build.0 = Release_Low|x64
		{4DCE52A5-106C-3D94-815D-C8EBC6133B5E}.Release_Low|x86.ActiveCfg = Release_Low|Win32
		{4DCE52A5-106C-3D94-815D-C8EBC6133B5E}.Release_Low|x86.Build.0 = Release_Low|Win32
		{4DCE52A5-106C-3D94-815D-C8EBC6133B5E}.Release_Middle|x64.ActiveCfg = Release_Middle|x64
		{4DCE52A5-106C-3D94-815D-C8EBC6133B5E}.Release_Middle|x64.Build.0 = Release_Middle|x64
		{4DCE52A5-106C-3D94-815D-C8EBC6133B5E}.Release_Middle|x86.ActiveCfg = Release_Middle|Win32
		{4DCE52A5-106C-3D94-815D-C8EBC6133B5E}.Release_Middle|x86.Build.0 = Release_Middle|Win32
		{4DCE52A5-106C-3D94-815D-C8EBC6133B5E}.Release|x64.ActiveCfg = Release|x64
		{4DCE52A5-106C-3D94-815D-C8EBC6133B5E}.Release|x64.Build.0 = Release|x64
		{4DCE52A5-106C-3D94-815D-C8EBC6133B5E}.Release|x86.ActiveCfg = Release|Win32
		{4DCE52A5-106C-3D94-815D-C8EBC6133B5E}.Release|x86.Build.0 = Release|Win32
		{4DCE52A5-106C-3D94-815D-C8EBC6133B5E}.RelWithDebInfo|x64.ActiveCfg = RelWithDebInfo|x64
		{4DCE52A5-106C-3D94-815D-C8EBC6133B5E}.RelWithDebInfo|x64.Build.0 = RelWithDebInfo|x64
		{4DCE52A5-106C-3D94-815D-C8EBC6133B5E}.RelWithDebInfo|x86.ActiveCfg = RelWithDebInfo|Win32
		{4DCE52A5-106C-3D94-815D-C8EBC6133B5E}.RelWithDebInfo|x86.Build.0 = RelWithDebInfo|Win32
		{E0B52AE7-E160-4D32-BF3F-910B785E5A8E}.Debug_Low|x64.ActiveCfg = Debug_Low|x64
		{E0B52AE7-E160-4D32-BF3F-910B785E5A8E}.Debug_Low|x64.Build.0 = Debug_Low|x64
		{E0B52AE7-E160-4D32-BF3F-910B785E5A8E}.Debug_Low|x86.ActiveCfg = Debug_Low|Win32
		{E0B52AE7-E160-4D32-BF3F-910B785E5A8E}.Debug_Low|x86.Build.0 = Debug_Low|Win32
		{E0B52AE7-E160-4D32-BF3F-910B785E5A8E}.Debug_Middle|x64.ActiveCfg = Debug_Middle|x64
		{E0B52AE7-E160-4D32-BF3F-910B785E5A8E}.Debug_Middle|x64.Build.0 = Debug_Middle|x64
		{E0B52AE7-E160-4D32-BF3F-910B785E5A8E}.Debug_Middle|x86.ActiveCfg = Debug_Middle|Win32
		{E0B52AE7-E160-4D32-BF3F-910B785E5A8E}.Debug_Middle|x86.Build.0 = Debug_Middle|Win32
		{E0B52AE7-E160-4D32-BF3F-910B785E5A8E}.Debug|x64.ActiveCfg = Debug|x64
		{E0B52AE7-E160-4D32-BF3F-910B785E5A8E}.Debug|x64.Build.0 = Debug|x64
		{E0B52AE7-E160-4D32-BF3F-910B785E5A8E}.Debug|x86.ActiveCfg = Debug|x64
		{E0B52AE7-E160-4D32-BF3F-910B785E5A8E}.Debug|x86.Build.0 = Debug|x64
		{E0B52AE7-E160-4D32-BF3F-910B785E5A8E}.MinSizeRel|x64.ActiveCfg = Debug_Middle|x64
		{E0B52AE7-E160-4D32-BF3F-910B785E5A8E}.MinSizeRel|x64.Build.0 = Debug_Middle|x64
		{E0B52AE7-E160-4D32-BF3F-910B785E5A8E}.MinSizeRel|x86.ActiveCfg = Debug_Middle|Win32
		{E0B52AE7-E160-4D32-BF3F-910B785E5A8E}.MinSizeRel|x86.Build.0 = Debug_Middle|Win32
		{E0B52AE7-E160-4D32-BF3F-910B785E5A8E}.Preview_Low|x64.ActiveCfg = Preview_Low|x64
		{E0B52AE7-E160-4D32-BF3F-910B785E5A8E}.Preview_Low|x64.Build.0 = Preview_Low|x64
		{E0B52AE7-E160-4D32-BF3F-910B785E5A8E}.Preview_Low|x86.ActiveCfg = Preview_Low|Win32
		{E0B52AE7-E160-4D32-BF3F-910B785E5A8E}.Preview_Low|x86.Build.0 = Preview_Low|Win32
		{E0B52AE7-E160-4D32-BF3F-910B785E5A8E}.Preview_Middle|x64.ActiveCfg = Preview_Middle|x64
		{E0B52AE7-E160-4D32-BF3F-910B785E5A8E}.Preview_Middle|x64.Build.0 = Preview_Middle|x64
		{E0B52AE7-E160-4D32-BF3F-910B785E5A8E}.Preview_Middle|x86.ActiveCfg = Preview_Middle|Win32
		{E0B52AE7-E160-4D32-BF3F-910B785E5A8E}.Preview_Middle|x86.Build.0 = Preview_Middle|Win32
		{E0B52AE7-E160-4D32-BF3F-910B785E5A8E}.Preview|x64.ActiveCfg = Preview|x64
		{E0B52AE7-E160-4D32-BF3F-910B785E5A8E}.Preview|x64.Build.0 = Preview|x64
		{E0B52AE7-E160-4D32-BF3F-910B785E5A8E}.Preview|x86.ActiveCfg = Preview|Win32
		{E0B52AE7-E160-4D32-BF3F-910B785E5A8E}.Preview|x86.Build.0 = Preview|Win32
		{E0B52AE7-E160-4D32-BF3F-910B785E5A8E}.Release_Low|x64.ActiveCfg = Release_Low|x64
		{E0B52AE7-E160-4D32-BF3F-910B785E5A8E}.Release_Low|x64.Build.0 = Release_Low|x64
		{E0B52AE7-E160-4D32-BF3F-910B785E5A8E}.Release_Low|x86.ActiveCfg = Release_Low|Win32
		{E0B52AE7-E160-4D32-BF3F-910B785E5A8E}.Release_Low|x86.Build.0 = Release_Low|Win32
		{E0B52AE7-E160-4D32-BF3F-910B785E5A8E}.Release_Middle|x64.ActiveCfg = Release_Middle|x64
		{E0B52AE7-E160-4D32-BF3F-910B785E5A8E}.Release_Middle|x64.Build.0 = Release_Middle|x64
		{E0B52AE7-E160-4D32-BF3F-910B785E5A8E}.Release_Middle|x86.ActiveCfg = Release_Middle|Win32
		{E0B52AE7-E160-4D32-BF3F-910B785E5A8E}.Release_Middle|x86.Build.0 = Release_Middle|Win32
		{E0B52AE7-E160-4D32-BF3F-910B785E5A8E}.Release|x64.ActiveCfg = Release|x64
		{E0B52AE7-E160-4D32-BF3F-910B785E5A8E}.Release|x64.Build.0 = Release|x64
		{E0B52AE7-E160-4D32-BF3F-910B785E5A8E}.Release|x86.ActiveCfg = Release|Win32
		{E0B52AE7-E160-4D32-BF3F-910B785E5A8E}.Release|x86.Build.0 = Release|Win32
		{E0B52AE7-E160-4D32-BF3F-910B785E5A8E}.RelWithDebInfo|x64.ActiveCfg = Release|x64
		{E0B52AE7-E160-4D32-BF3F-910B785E5A8E}.RelWithDebInfo|x64.Build.0 = Release|x64
		{E0B52AE7-E160-4D32-BF3F-910B785E5A8E}.RelWithDebInfo|x86.ActiveCfg = Release|Win32
		{E0B52AE7-E160-4D32-BF3F-910B785E5A8E}.RelWithDebInfo|x86.Build.0 = Release|Win32
		{91E36741-5DFC-46E3-A7F3-28A67FD637C8}.Debug_Low|x64.ActiveCfg = Debug_Low|x64
		{91E36741-5DFC-46E3-A7F3-28A67FD637C8}.Debug_Low|x64.Build.0 = Debug_Low|x64
		{91E36741-5DFC-46E3-A7F3-28A67FD637C8}.Debug_Low|x86.ActiveCfg = Debug_Low|Win32
		{91E36741-5DFC-46E3-A7F3-28A67FD637C8}.Debug_Low|x86.Build.0 = Debug_Low|Win32
		{91E36741-5DFC-46E3-A7F3-28A67FD637C8}.Debug_Middle|x64.ActiveCfg = Debug_Middle|x64
		{91E36741-5DFC-46E3-A7F3-28A67FD637C8}.Debug_Middle|x64.Build.0 = Debug_Middle|x64
		{91E36741-5DFC-46E3-A7F3-28A67FD637C8}.Debug_Middle|x86.ActiveCfg = Debug_Middle|Win32
		{91E36741-5DFC-46E3-A7F3-28A67FD637C8}.Debug_Middle|x86.Build.0 = Debug_Middle|Win32
		{91E36741-5DFC-46E3-A7F3-28A67FD637C8}.Debug|x64.ActiveCfg = Debug|x64
		{91E36741-5DFC-46E3-A7F3-28A67FD637C8}.Debug|x64.Build.0 = Debug|x64
		{91E36741-5DFC-46E3-A7F3-28A67FD637C8}.Debug|x86.ActiveCfg = Debug|x64
		{91E36741-5DFC-46E3-A7F3-28A67FD637C8}.Debug|x86.Build.0 = Debug|x64
		{91E36741-5DFC-46E3-A7F3-28A67FD637C8}.MinSizeRel|x64.ActiveCfg = Debug_Middle|x64
		{91E36741-5DFC-46E3-A7F3-28A67FD637C8}.MinSizeRel|x64.Build.0 = Debug_Middle|x64
		{91E36741-5DFC-46E3-A7F3-28A67FD637C8}.MinSizeRel|x86.ActiveCfg = Debug_Middle|Win32
		{91E36741-5DFC-46E3-A7F3-28A67FD637C8}.MinSizeRel|x86.Build.0 = Debug_Middle|Win32
		{91E36741-5DFC-46E3-A7F3-28A67FD637C8}.Preview_Low|x64.ActiveCfg = Preview_Low|x64
		{91E36741-5DFC-46E3-A7F3-28A67FD637C8}.Preview_Low|x64.Build.0 = Preview_Low|x64
		{91E36741-5DFC-46E3-A7F3-28A67FD637C8}.Preview_Low|x86.ActiveCfg = Preview_Low|Win32
		{91E36741-5DFC-46E3-A7F3-28A67FD637C8}.Preview_Low|x86.Build.0 = Preview_Low|Win32
		{91E36741-5DFC-46E3-A7F3-28A67FD637C8}.Preview_Middle|x64.ActiveCfg = Preview_Middle|x64
		{91E36741-5DFC-46E3-A7F3-28A67FD637C8}.Preview_Middle|x64.Build.0 = Preview_Middle|x64
		{91E36741-5DFC-46E3-A7F3-28A67FD637C8}.Preview_Middle|x86.ActiveCfg = Preview_Middle|Win32
		{91E36741-5DFC-46E3-A7F3-28A67FD637C8}.Preview_Middle|x86.Build.0 = Preview_Middle|Win32
		{91E36741-5DFC-46E3-A7F3-28A67FD637C8}.Preview|x64.ActiveCfg = Preview_Low|x64
		{91E36741-5DFC-46E3-A7F3-28A67FD637C8}.Preview|x64.Build.0 = Preview_Low|x64
		{91E36741-5DFC-46E3-A7F3-28A67FD637C8}.Preview|x86.ActiveCfg = Preview_Low|Win32
		{91E36741-5DFC-46E3-A7F3-28A67FD637C8}.Preview|x86.Build.0 = Preview_Low|Win32
		{91E36741-5DFC-46E3-A7F3-28A67FD637C8}.Release_Low|x64.ActiveCfg = Release_Low|x64
		{91E36741-5DFC-46E3-A7F3-28A67FD637C8}.Release_Low|x64.Build.0 = Release_Low|x64
		{91E36741-5DFC-46E3-A7F3-28A67FD637C8}.Release_Low|x86.ActiveCfg = Release_Low|Win32
		{91E36741-5DFC-46E3-A7F3-28A67FD637C8}.Release_Low|x86.Build.0 = Release_Low|Win32
		{91E36741-5DFC-46E3-A7F3-28A67FD637C8}.Release_Middle|x64.ActiveCfg = Release_Middle|x64
		{91E36741-5DFC-46E3-A7F3-28A67FD637C8}.Release_Middle|x64.Build.0 = Release_Middle|x64
		{91E36741-5DFC-46E3-A7F3-28A67FD637C8}.Release_Middle|x86.ActiveCfg = Release_Middle|Win32
		{91E36741-5DFC-46E3-A7F3-28A67FD637C8}.Release_Middle|x86.Build.0 = Release_Middle|Win32
		{91E36741-5DFC-46E3-A7F3-28A67FD637C8}.Release|x64.ActiveCfg = Release|x64
		{91E36741-5DFC-46E3-A7F3-28A67FD637C8}.Release|x64.Build.0 = Release|x64
		{91E36741-5DFC-46E3-A7F3-28A67FD637C8}.Release|x86.ActiveCfg = Release|Win32
		{91E36741-5DFC-46E3-A7F3-28A67FD637C8}.Release|x86.Build.0 = Release|Win32
		{91E36741-5DFC-46E3-A7F3-28A67FD637C8}.RelWithDebInfo|x64.ActiveCfg = Release|x64
		{91E36741-5DFC-46E3-A7F3-28A67FD637C8}.RelWithDebInfo|x64.Build.0 = Release|x64
		{91E36741-5DFC-46E3-A7F3-28A67FD637C8}.RelWithDebInfo|x86.ActiveCfg = Release|Win32
		{91E36741-5DFC-46E3-A7F3-28A67FD637C8}.RelWithDebInfo|x86.Build.0 = Release|Win32
		{4E7A02CF-51F7-414B-9874-A34116D2B43C}.Debug_Low|x64.ActiveCfg = Debug_Low|x64
		{4E7A02CF-51F7-414B-9874-A34116D2B43C}.Debug_Low|x64.Build.0 = Debug_Low|x64
		{4E7A02CF-51F7-414B-9874-A34116D2B43C}.Debug_Low|x86.ActiveCfg = Debug_Low|Win32
		{4E7A02CF-51F7-414B-9874-A34116D2B43C}.Debug_Low|x86.Build.0 = Debug_Low|Win32
		{4E7A02CF-51F7-414B-9874-A34116D2B43C}.Debug_Middle|x64.ActiveCfg = Debug_Middle|x64
		{4E7A02CF-51F7-414B-9874-A34116D2B43C}.Debug_Middle|x64.Build.0 = Debug_Middle|x64
		{4E7A02CF-51F7-414B-9874-A34116D2B43C}.Debug_Middle|x86.ActiveCfg = Debug_Middle|Win32
		{4E7A02CF-51F7-414B-9874-A34116D2B43C}.Debug_Middle|x86.Build.0 = Debug_Middle|Win32
		{4E7A02CF-51F7-414B-9874-A34116D2B43C}.Debug|x64.ActiveCfg = Debug|x64
		{4E7A02CF-51F7-414B-9874-A34116D2B43C}.Debug|x64.Build.0 = Debug|x64
		{4E7A02CF-51F7-414B-9874-A34116D2B43C}.Debug|x86.ActiveCfg = Debug|x64
		{4E7A02CF-51F7-414B-9874-A34116D2B43C}.Debug|x86.Build.0 = Debug|x64
		{4E7A02CF-51F7-414B-9874-A34116D2B43C}.MinSizeRel|x64.ActiveCfg = Debug_Middle|x64
		{4E7A02CF-51F7-414B-9874-A34116D2B43C}.MinSizeRel|x64.Build.0 = Debug_Middle|x64
		{4E7A02CF-51F7-414B-9874-A34116D2B43C}.MinSizeRel|x86.ActiveCfg = Debug_Middle|Win32
		{4E7A02CF-51F7-414B-9874-A34116D2B43C}.MinSizeRel|x86.Build.0 = Debug_Middle|Win32
		{4E7A02CF-51F7-414B-9874-A34116D2B43C}.Preview_Low|x64.ActiveCfg = Preview_Low|x64
		{4E7A02CF-51F7-414B-9874-A34116D2B43C}.Preview_Low|x64.Build.0 = Preview_Low|x64
		{4E7A02CF-51F7-414B-9874-A34116D2B43C}.Preview_Low|x86.ActiveCfg = Preview_Low|Win32
		{4E7A02CF-51F7-414B-9874-A34116D2B43C}.Preview_Low|x86.Build.0 = Preview_Low|Win32
		{4E7A02CF-51F7-414B-9874-A34116D2B43C}.Preview_Middle|x64.ActiveCfg = Preview_Middle|x64
		{4E7A02CF-51F7-414B-9874-A34116D2B43C}.Preview_Middle|x64.Build.0 = Preview_Middle|x64
		{4E7A02CF-51F7-414B-9874-A34116D2B43C}.Preview_Middle|x86.ActiveCfg = Preview_Middle|Win32
		{4E7A02CF-51F7-414B-9874-A34116D2B43C}.Preview_Middle|x86.Build.0 = Preview_Middle|Win32
		{4E7A02CF-51F7-414B-9874-A34116D2B43C}.Preview|x64.ActiveCfg = Preview_Low|x64
		{4E7A02CF-51F7-414B-9874-A34116D2B43C}.Preview|x64.Build.0 = Preview_Low|x64
		{4E7A02CF-51F7-414B-9874-A34116D2B43C}.Preview|x86.ActiveCfg = Preview_Low|Win32
		{4E7A02CF-51F7-414B-9874-A34116D2B43C}.Preview|x86.Build.0 = Preview_Low|Win32
		{4E7A02CF-51F7-414B-9874-A34116D2B43C}.Release_Low|x64.ActiveCfg = Release_Low|x64
		{4E7A02CF-51F7-414B-9874-A34116D2B43C}.Release_Low|x64.Build.0 = Release_Low|x64
		{4E7A02CF-51F7-414B-9874-A34116D2B43C}.Release_Low|x86.ActiveCfg = Release_Low|Win32
		{4E7A02CF-51F7-414B-9874-A34116D2B43C}.Release_Low|x86.Build.0 = Release_Low|Win32
		{4E7A02CF-51F7-414B-9874-A34116D2B43C}.Release_Middle|x64.ActiveCfg = Release_Middle|x64
		{4E7A02CF-51F7-414B-9874-A34116D2B43C}.Release_Middle|x64.Build.0 = Release_Middle|x64
		{4E7A02CF-51F7-414B-9874-A34116D2B43C}.Release_Middle|x86.ActiveCfg = Release_Middle|Win32
		{4E7A02CF-51F7-414B-9874-A34116D2B43C}.Release_Middle|x86.Build.0 = Release_Middle|Win32
		{4E7A02CF-51F7-414B-9874-A34116D2B43C}.Release|x64.ActiveCfg = Release|x64
		{4E7A02CF-51F7-414B-9874-A34116D2B43C}.Release|x64.Build.0 = Release|x64
		{4E7A02CF-51F7-414B-9874-A34116D2B43C}.Release|x86.ActiveCfg = Release|Win32
		{4E7A02CF-51F7-414B-9874-A34116D2B43C}.Release|x86.Build.0 = Release|Win32
		{4E7A02CF-51F7-414B-9874-A34116D2B43C}.RelWithDebInfo|x64.ActiveCfg = Release|x64
		{4E7A02CF-51F7-414B-9874-A34116D2B43C}.RelWithDebInfo|x64.Build.0 = Release|x64
		{4E7A02CF-51F7-414B-9874-A34116D2B43C}.RelWithDebInfo|x86.ActiveCfg = Release|Win32
		{4E7A02CF-51F7-414B-9874-A34116D2B43C}.RelWithDebInfo|x86.Build.0 = Release|Win32
	EndGlobalSection
	GlobalSection(SolutionProperties) = preSolution
		HideSolutionNode = FALSE
	EndGlobalSection
	GlobalSection(NestedProjects) = preSolution
		{28EF574A-84DB-3CB0-9B45-DB3545B2D05C} = {51F38D0D-F0B8-4889-8267-1C846738300F}
		{9BF1ADF3-EB57-35E8-B156-ADE8FFC7E2F0} = {51F38D0D-F0B8-4889-8267-1C846738300F}
		{4DCE52A5-106C-3D94-815D-C8EBC6133B5E} = {51F38D0D-F0B8-4889-8267-1C846738300F}
		{E0B52AE7-E160-4D32-BF3F-910B785E5A8E} = {51F38D0D-F0B8-4889-8267-1C846738300F}
		{91E36741-5DFC-46E3-A7F3-28A67FD637C8} = {51F38D0D-F0B8-4889-8267-1C846738300F}
		{4E7A02CF-51F7-414B-9874-A34116D2B43C} = {51F38D0D-F0B8-4889-8267-1C846738300F}
	EndGlobalSection
	GlobalSection(ExtensibilityGlobals) = postSolution
		SolutionGuid = {6BF38332-3F0C-4E78-BB08-B307C1E2BCA0}
	EndGlobalSection
EndGlobal
